
Microsoft Visual Studio Solution File, Format Version 12.00
# Visual Studio Version 16
VisualStudioVersion = 16.0.35130.168
MinimumVisualStudioVersion = 10.0.40219.1
Project("{FAE04EC0-301F-11D3-BF4B-00C04F79EFBC}") = "FindMe.Android", "FindMe.Android\FindMe.Android.csproj", "{D0C95AC3-AEDF-4B46-95D1-8F60C25C3042}"
EndProject
Project("{FAE04EC0-301F-11D3-BF4B-00C04F79EFBC}") = "FindMe", "FindMe\FindMe.csproj", "{8746C000-35C0-4648-8CD5-89E90AD34167}"
EndProject
Global
	GlobalSection(SolutionConfigurationPlatforms) = preSolution
		Debug|Any CPU = Debug|Any CPU
		Release|Any CPU = Release|Any CPU
	EndGlobalSection
	GlobalSection(ProjectConfigurationPlatforms) = postSolution
		{D0C95AC3-AEDF-4B46-95D1-8F60C25C3042}.Debug|Any CPU.ActiveCfg = Debug|Any CPU
		{D0C95AC3-AEDF-4B46-95D1-8F60C25C3042}.Debug|Any CPU.Build.0 = Debug|Any CPU
		{D0C95AC3-AEDF-4B46-95D1-8F60C25C3042}.Debug|Any CPU.Deploy.0 = Debug|Any CPU
		{D0C95AC3-AEDF-4B46-95D1-8F60C25C3042}.Release|Any CPU.ActiveCfg = Release|Any CPU
		{D0C95AC3-AEDF-4B46-95D1-8F60C25C3042}.Release|Any CPU.Build.0 = Release|Any CPU
		{D0C95AC3-AEDF-4B46-95D1-8F60C25C3042}.Release|Any CPU.Deploy.0 = Release|Any CPU
		{8746C000-35C0-4648-8CD5-89E90AD34167}.Debug|Any CPU.ActiveCfg = Debug|Any CPU
		{8746C000-35C0-4648-8CD5-89E90AD34167}.Debug|Any CPU.Build.0 = Debug|Any CPU
		{8746C000-35C0-4648-8CD5-89E90AD34167}.Debug|Any CPU.Deploy.0 = Debug|Any CPU
		{8746C000-35C0-4648-8CD5-89E90AD34167}.Release|Any CPU.ActiveCfg = Release|Any CPU
		{8746C000-35C0-4648-8CD5-89E90AD34167}.Release|Any CPU.Build.0 = Release|Any CPU
		{8746C000-35C0-4648-8CD5-89E90AD34167}.Release|Any CPU.Deploy.0 = Release|Any CPU
	EndGlobalSection
	GlobalSection(SolutionProperties) = preSolution
		HideSolutionNode = FALSE
	EndGlobalSection
	GlobalSection(ExtensibilityGlobals) = postSolution
		SolutionGuid = {4DAE6873-A23A-4476-9FD8-4DAC080442FA}
	EndGlobalSection
EndGlobal
